
Microsoft Visual Studio Solution File, Format Version 12.00
# Visual Studio 14
VisualStudioVersion = 14.0.25420.1
MinimumVisualStudioVersion = 10.0.40219.1
Project("{FAE04EC0-301F-11D3-BF4B-00C04F79EFBC}") = "OfficeOlympicsLib", "OfficeOlympicsLib\OfficeOlympicsLib.csproj", "{1F913550-4454-490A-982F-D503554CE651}"
EndProject
Project("{FAE04EC0-301F-11D3-BF4B-00C04F79EFBC}") = "OfficeOlympicsWeb", "OfficeOlympicsWeb\OfficeOlympicsWeb.csproj", "{7D3545E4-6EAB-4933-8D02-1ACA6C5184B1}"
EndProject
Project("{00D1A9C2-B5F0-4AF3-8072-F6C62B433612}") = "OfficeOlympicsDb", "OfficeOlympicsDb\OfficeOlympicsDb.sqlproj", "{B4E3EC51-057C-412E-82A2-2C499C6CC148}"
EndProject
Global
	GlobalSection(SolutionConfigurationPlatforms) = preSolution
		Debug|Any CPU = Debug|Any CPU
		Release|Any CPU = Release|Any CPU
	EndGlobalSection
	GlobalSection(ProjectConfigurationPlatforms) = postSolution
		{1F913550-4454-490A-982F-D503554CE651}.Debug|Any CPU.ActiveCfg = Debug|Any CPU
		{1F913550-4454-490A-982F-D503554CE651}.Debug|Any CPU.Build.0 = Debug|Any CPU
		{1F913550-4454-490A-982F-D503554CE651}.Debug|Any CPU.Deploy.0 = Debug|Any CPU
		{1F913550-4454-490A-982F-D503554CE651}.Release|Any CPU.ActiveCfg = Release|Any CPU
		{1F913550-4454-490A-982F-D503554CE651}.Release|Any CPU.Build.0 = Release|Any CPU
		{7D3545E4-6EAB-4933-8D02-1ACA6C5184B1}.Debug|Any CPU.ActiveCfg = Debug|Any CPU
		{7D3545E4-6EAB-4933-8D02-1ACA6C5184B1}.Debug|Any CPU.Build.0 = Debug|Any CPU
		{7D3545E4-6EAB-4933-8D02-1ACA6C5184B1}.Debug|Any CPU.Deploy.0 = Debug|Any CPU
		{7D3545E4-6EAB-4933-8D02-1ACA6C5184B1}.Release|Any CPU.ActiveCfg = Release|Any CPU
		{7D3545E4-6EAB-4933-8D02-1ACA6C5184B1}.Release|Any CPU.Build.0 = Release|Any CPU
		{B4E3EC51-057C-412E-82A2-2C499C6CC148}.Debug|Any CPU.ActiveCfg = Debug|Any CPU
		{B4E3EC51-057C-412E-82A2-2C499C6CC148}.Debug|Any CPU.Build.0 = Debug|Any CPU
		{B4E3EC51-057C-412E-82A2-2C499C6CC148}.Debug|Any CPU.Deploy.0 = Debug|Any CPU
		{B4E3EC51-057C-412E-82A2-2C499C6CC148}.Release|Any CPU.ActiveCfg = Release|Any CPU
		{B4E3EC51-057C-412E-82A2-2C499C6CC148}.Release|Any CPU.Build.0 = Release|Any CPU
		{B4E3EC51-057C-412E-82A2-2C499C6CC148}.Release|Any CPU.Deploy.0 = Release|Any CPU
	EndGlobalSection
	GlobalSection(SolutionProperties) = preSolution
		HideSolutionNode = FALSE
	EndGlobalSection
EndGlobal
